
Microsoft Visual Studio Solution File, Format Version 12.00
# Visual Studio Version 17
VisualStudioVersion = 17.4.33103.184
MinimumVisualStudioVersion = 10.0.40219.1
Project("{8BC9CEB8-8B4A-11D0-8D11-00A0C91BC942}") = "exam-01-01-hello", "exam-01-01-hello\exam-01-01-hello.vcxproj", "{0179982A-8B8F-4EC1-8BBC-3EBA0284DE8A}"
EndProject
Project("{8BC9CEB8-8B4A-11D0-8D11-00A0C91BC942}") = "exam-01-02-comment", "exam-01-02-comment\exam-01-02-comment.vcxproj", "{9691E47E-781D-4A3D-8EA4-AF839BD5D387}"
EndProject
Project("{8BC9CEB8-8B4A-11D0-8D11-00A0C91BC942}") = "exam-02-01-variable", "exam-02-01-variable\exam-02-01-variable.vcxproj", "{DDFC547D-B7BD-4AE6-9DB0-F48B58369C6A}"
EndProject
Project("{8BC9CEB8-8B4A-11D0-8D11-00A0C91BC942}") = "exam-02-02-variable-type", "exam-02-02-variable-type\exam-02-02-variable-type.vcxproj", "{F5F06F57-A0D1-4E04-8CA5-F6D6EE9DE177}"
EndProject
Project("{8BC9CEB8-8B4A-11D0-8D11-00A0C91BC942}") = "exam-02-03-literal", "exam-02-03-literal\exam-02-03-literal.vcxproj", "{6485F838-501D-494F-909B-BADE6537A9C9}"
EndProject
Project("{8BC9CEB8-8B4A-11D0-8D11-00A0C91BC942}") = "exam-02-04-cast", "exam-02-04-cast\exam-02-04-cast.vcxproj", "{31A5CC1D-C93C-4C2B-8313-A841FACD4E6D}"
EndProject
Project("{8BC9CEB8-8B4A-11D0-8D11-00A0C91BC942}") = "exam-03-01-data", "exam-03-01-data\exam-03-01-data.vcxproj", "{392AFC3A-8937-4FD8-A62B-103B2019A63B}"
EndProject
Project("{8BC9CEB8-8B4A-11D0-8D11-00A0C91BC942}") = "exam-04-01-printf", "exam-04-01-printf\exam-04-01-printf.vcxproj", "{103F39DB-CC3A-4832-B29D-A5D9CC441130}"
EndProject
Project("{8BC9CEB8-8B4A-11D0-8D11-00A0C91BC942}") = "exam-04-02-scanf", "exam-04-02-scanf\exam-04-02-scanf.vcxproj", "{8AB8B70E-3570-42F1-8E2D-9063352008F1}"
EndProject
Project("{8BC9CEB8-8B4A-11D0-8D11-00A0C91BC942}") = "exam-05-01-operator", "exam-05-01-operator\exam-05-01-operator.vcxproj", "{A561EDEB-CF72-430A-8397-C90470C8E7DA}"
EndProject
Project("{8BC9CEB8-8B4A-11D0-8D11-00A0C91BC942}") = "exam-06-01-operator2", "exam-06-01-operator2\exam-06-01-operator2.vcxproj", "{C89B6DEB-8FEB-4F9F-A82E-2F9B28F47127}"
EndProject
Project("{8BC9CEB8-8B4A-11D0-8D11-00A0C91BC942}") = "exam-07-01-conditional", "exam-07-01-conditional\exam-07-01-conditional.vcxproj", "{740926B4-6B66-4460-9457-370696042F68}"
EndProject
Project("{8BC9CEB8-8B4A-11D0-8D11-00A0C91BC942}") = "exam-07-02-conditional2", "exam-07-02-conditional2\exam-07-02-conditional2.vcxproj", "{CE0F36B6-2988-417F-A4D5-52B537D008A6}"
EndProject
Project("{8BC9CEB8-8B4A-11D0-8D11-00A0C91BC942}") = "exam-08-01-loop", "exam-08-01-loop\exam-08-01-loop.vcxproj", "{B4F9780E-FDF6-4718-832F-5E932BC4CB26}"
EndProject
Project("{8BC9CEB8-8B4A-11D0-8D11-00A0C91BC942}") = "exam-08-02-loop-do-while", "exam-08-02-loop-do-while\exam-08-02-loop-do-while.vcxproj", "{DB8FCAC8-22DC-4849-A31C-1F8C725ED617}"
EndProject
Project("{8BC9CEB8-8B4A-11D0-8D11-00A0C91BC942}") = "exam-08-03-loop-for", "exam-08-03-loop-for\exam-08-03-loop-for.vcxproj", "{0B9AF6E7-7C16-496B-A35F-8D3C77D79542}"
EndProject
Project("{8BC9CEB8-8B4A-11D0-8D11-00A0C91BC942}") = "exam-08-04-loop-break", "exam-08-04-loop-break\exam-08-04-loop-break.vcxproj", "{D062710D-E2B7-48AC-A40F-BA9F682AB02B}"
EndProject
Project("{8BC9CEB8-8B4A-11D0-8D11-00A0C91BC942}") = "exam-08-05-loop-continue", "exam-08-05-loop-continue\exam-08-05-loop-continue.vcxproj", "{FE2EEB57-6557-4AF2-8071-9BF060394CFE}"
EndProject
Project("{8BC9CEB8-8B4A-11D0-8D11-00A0C91BC942}") = "exam-08-06-loop-homework", "exam-08-06-loop-homework\exam-08-06-loop-homework.vcxproj", "{3DFAACFB-8766-4381-8A97-82E666524804}"
EndProject
Project("{8BC9CEB8-8B4A-11D0-8D11-00A0C91BC942}") = "exam-09-01-array", "exam-09-01-array\exam-09-01-array.vcxproj", "{B24C24E0-E8D0-4B65-9C56-4EC6EE558236}"
EndProject
Project("{8BC9CEB8-8B4A-11D0-8D11-00A0C91BC942}") = "exam-12-01-array2d", "exam-12-01-array2d\exam-12-01-array2d.vcxproj", "{320939FA-3DC7-481A-92E5-4F098A728CF6}"
EndProject
Project("{8BC9CEB8-8B4A-11D0-8D11-00A0C91BC942}") = "exam-12-02-array3d", "exam-12-02-array3d\exam-12-02-array3d.vcxproj", "{C41E2F37-265F-4DF1-A885-70B6A659D0F8}"
EndProject
Project("{8BC9CEB8-8B4A-11D0-8D11-00A0C91BC942}") = "exam-12-03-homework", "exam-12-03-homework\exam-12-03-homework.vcxproj", "{6CF96697-0109-4B5F-A2DC-DA1D2BEA428A}"
EndProject
Project("{8BC9CEB8-8B4A-11D0-8D11-00A0C91BC942}") = "exam-10-01-pointer", "exam-10-01-pointer\exam-10-01-pointer.vcxproj", "{F9DF3A18-0B2F-49A0-A864-3A78E943C644}"
EndProject
Project("{8BC9CEB8-8B4A-11D0-8D11-00A0C91BC942}") = "exam-11-01-arrayAndPointer", "exam-11-01-arrayAndPointer\exam-11-01-arrayAndPointer.vcxproj", "{30FD294E-95C4-45E3-B872-721FBD432503}"
EndProject
Global
	GlobalSection(SolutionConfigurationPlatforms) = preSolution
		Debug|x64 = Debug|x64
		Debug|x86 = Debug|x86
		Release|x64 = Release|x64
		Release|x86 = Release|x86
	EndGlobalSection
	GlobalSection(ProjectConfigurationPlatforms) = postSolution
		{0179982A-8B8F-4EC1-8BBC-3EBA0284DE8A}.Debug|x64.ActiveCfg = Debug|x64
		{0179982A-8B8F-4EC1-8BBC-3EBA0284DE8A}.Debug|x64.Build.0 = Debug|x64
		{0179982A-8B8F-4EC1-8BBC-3EBA0284DE8A}.Debug|x86.ActiveCfg = Debug|Win32
		{0179982A-8B8F-4EC1-8BBC-3EBA0284DE8A}.Debug|x86.Build.0 = Debug|Win32
		{0179982A-8B8F-4EC1-8BBC-3EBA0284DE8A}.Release|x64.ActiveCfg = Release|x64
		{0179982A-8B8F-4EC1-8BBC-3EBA0284DE8A}.Release|x64.Build.0 = Release|x64
		{0179982A-8B8F-4EC1-8BBC-3EBA0284DE8A}.Release|x86.ActiveCfg = Release|Win32
		{0179982A-8B8F-4EC1-8BBC-3EBA0284DE8A}.Release|x86.Build.0 = Release|Win32
		{9691E47E-781D-4A3D-8EA4-AF839BD5D387}.Debug|x64.ActiveCfg = Debug|x64
		{9691E47E-781D-4A3D-8EA4-AF839BD5D387}.Debug|x64.Build.0 = Debug|x64
		{9691E47E-781D-4A3D-8EA4-AF839BD5D387}.Debug|x86.ActiveCfg = Debug|Win32
		{9691E47E-781D-4A3D-8EA4-AF839BD5D387}.Debug|x86.Build.0 = Debug|Win32
		{9691E47E-781D-4A3D-8EA4-AF839BD5D387}.Release|x64.ActiveCfg = Release|x64
		{9691E47E-781D-4A3D-8EA4-AF839BD5D387}.Release|x64.Build.0 = Release|x64
		{9691E47E-781D-4A3D-8EA4-AF839BD5D387}.Release|x86.ActiveCfg = Release|Win32
		{9691E47E-781D-4A3D-8EA4-AF839BD5D387}.Release|x86.Build.0 = Release|Win32
		{DDFC547D-B7BD-4AE6-9DB0-F48B58369C6A}.Debug|x64.ActiveCfg = Debug|x64
		{DDFC547D-B7BD-4AE6-9DB0-F48B58369C6A}.Debug|x64.Build.0 = Debug|x64
		{DDFC547D-B7BD-4AE6-9DB0-F48B58369C6A}.Debug|x86.ActiveCfg = Debug|Win32
		{DDFC547D-B7BD-4AE6-9DB0-F48B58369C6A}.Debug|x86.Build.0 = Debug|Win32
		{DDFC547D-B7BD-4AE6-9DB0-F48B58369C6A}.Release|x64.ActiveCfg = Release|x64
		{DDFC547D-B7BD-4AE6-9DB0-F48B58369C6A}.Release|x64.Build.0 = Release|x64
		{DDFC547D-B7BD-4AE6-9DB0-F48B58369C6A}.Release|x86.ActiveCfg = Release|Win32
		{DDFC547D-B7BD-4AE6-9DB0-F48B58369C6A}.Release|x86.Build.0 = Release|Win32
		{F5F06F57-A0D1-4E04-8CA5-F6D6EE9DE177}.Debug|x64.ActiveCfg = Debug|x64
		{F5F06F57-A0D1-4E04-8CA5-F6D6EE9DE177}.Debug|x64.Build.0 = Debug|x64
		{F5F06F57-A0D1-4E04-8CA5-F6D6EE9DE177}.Debug|x86.ActiveCfg = Debug|Win32
		{F5F06F57-A0D1-4E04-8CA5-F6D6EE9DE177}.Debug|x86.Build.0 = Debug|Win32
		{F5F06F57-A0D1-4E04-8CA5-F6D6EE9DE177}.Release|x64.ActiveCfg = Release|x64
		{F5F06F57-A0D1-4E04-8CA5-F6D6EE9DE177}.Release|x64.Build.0 = Release|x64
		{F5F06F57-A0D1-4E04-8CA5-F6D6EE9DE177}.Release|x86.ActiveCfg = Release|Win32
		{F5F06F57-A0D1-4E04-8CA5-F6D6EE9DE177}.Release|x86.Build.0 = Release|Win32
		{6485F838-501D-494F-909B-BADE6537A9C9}.Debug|x64.ActiveCfg = Debug|x64
		{6485F838-501D-494F-909B-BADE6537A9C9}.Debug|x64.Build.0 = Debug|x64
		{6485F838-501D-494F-909B-BADE6537A9C9}.Debug|x86.ActiveCfg = Debug|Win32
		{6485F838-501D-494F-909B-BADE6537A9C9}.Debug|x86.Build.0 = Debug|Win32
		{6485F838-501D-494F-909B-BADE6537A9C9}.Release|x64.ActiveCfg = Release|x64
		{6485F838-501D-494F-909B-BADE6537A9C9}.Release|x64.Build.0 = Release|x64
		{6485F838-501D-494F-909B-BADE6537A9C9}.Release|x86.ActiveCfg = Release|Win32
		{6485F838-501D-494F-909B-BADE6537A9C9}.Release|x86.Build.0 = Release|Win32
		{31A5CC1D-C93C-4C2B-8313-A841FACD4E6D}.Debug|x64.ActiveCfg = Debug|x64
		{31A5CC1D-C93C-4C2B-8313-A841FACD4E6D}.Debug|x64.Build.0 = Debug|x64
		{31A5CC1D-C93C-4C2B-8313-A841FACD4E6D}.Debug|x86.ActiveCfg = Debug|Win32
		{31A5CC1D-C93C-4C2B-8313-A841FACD4E6D}.Debug|x86.Build.0 = Debug|Win32
		{31A5CC1D-C93C-4C2B-8313-A841FACD4E6D}.Release|x64.ActiveCfg = Release|x64
		{31A5CC1D-C93C-4C2B-8313-A841FACD4E6D}.Release|x64.Build.0 = Release|x64
		{31A5CC1D-C93C-4C2B-8313-A841FACD4E6D}.Release|x86.ActiveCfg = Release|Win32
		{31A5CC1D-C93C-4C2B-8313-A841FACD4E6D}.Release|x86.Build.0 = Release|Win32
		{392AFC3A-8937-4FD8-A62B-103B2019A63B}.Debug|x64.ActiveCfg = Debug|x64
		{392AFC3A-8937-4FD8-A62B-103B2019A63B}.Debug|x64.Build.0 = Debug|x64
		{392AFC3A-8937-4FD8-A62B-103B2019A63B}.Debug|x86.ActiveCfg = Debug|Win32
		{392AFC3A-8937-4FD8-A62B-103B2019A63B}.Debug|x86.Build.0 = Debug|Win32
		{392AFC3A-8937-4FD8-A62B-103B2019A63B}.Release|x64.ActiveCfg = Release|x64
		{392AFC3A-8937-4FD8-A62B-103B2019A63B}.Release|x64.Build.0 = Release|x64
		{392AFC3A-8937-4FD8-A62B-103B2019A63B}.Release|x86.ActiveCfg = Release|Win32
		{392AFC3A-8937-4FD8-A62B-103B2019A63B}.Release|x86.Build.0 = Release|Win32
		{103F39DB-CC3A-4832-B29D-A5D9CC441130}.Debug|x64.ActiveCfg = Debug|x64
		{103F39DB-CC3A-4832-B29D-A5D9CC441130}.Debug|x64.Build.0 = Debug|x64
		{103F39DB-CC3A-4832-B29D-A5D9CC441130}.Debug|x86.ActiveCfg = Debug|Win32
		{103F39DB-CC3A-4832-B29D-A5D9CC441130}.Debug|x86.Build.0 = Debug|Win32
		{103F39DB-CC3A-4832-B29D-A5D9CC441130}.Release|x64.ActiveCfg = Release|x64
		{103F39DB-CC3A-4832-B29D-A5D9CC441130}.Release|x64.Build.0 = Release|x64
		{103F39DB-CC3A-4832-B29D-A5D9CC441130}.Release|x86.ActiveCfg = Release|Win32
		{103F39DB-CC3A-4832-B29D-A5D9CC441130}.Release|x86.Build.0 = Release|Win32
		{8AB8B70E-3570-42F1-8E2D-9063352008F1}.Debug|x64.ActiveCfg = Debug|x64
		{8AB8B70E-3570-42F1-8E2D-9063352008F1}.Debug|x64.Build.0 = Debug|x64
		{8AB8B70E-3570-42F1-8E2D-9063352008F1}.Debug|x86.ActiveCfg = Debug|Win32
		{8AB8B70E-3570-42F1-8E2D-9063352008F1}.Debug|x86.Build.0 = Debug|Win32
		{8AB8B70E-3570-42F1-8E2D-9063352008F1}.Release|x64.ActiveCfg = Release|x64
		{8AB8B70E-3570-42F1-8E2D-9063352008F1}.Release|x64.Build.0 = Release|x64
		{8AB8B70E-3570-42F1-8E2D-9063352008F1}.Release|x86.ActiveCfg = Release|Win32
		{8AB8B70E-3570-42F1-8E2D-9063352008F1}.Release|x86.Build.0 = Release|Win32
		{A561EDEB-CF72-430A-8397-C90470C8E7DA}.Debug|x64.ActiveCfg = Debug|x64
		{A561EDEB-CF72-430A-8397-C90470C8E7DA}.Debug|x64.Build.0 = Debug|x64
		{A561EDEB-CF72-430A-8397-C90470C8E7DA}.Debug|x86.ActiveCfg = Debug|Win32
		{A561EDEB-CF72-430A-8397-C90470C8E7DA}.Debug|x86.Build.0 = Debug|Win32
		{A561EDEB-CF72-430A-8397-C90470C8E7DA}.Release|x64.ActiveCfg = Release|x64
		{A561EDEB-CF72-430A-8397-C90470C8E7DA}.Release|x64.Build.0 = Release|x64
		{A561EDEB-CF72-430A-8397-C90470C8E7DA}.Release|x86.ActiveCfg = Release|Win32
		{A561EDEB-CF72-430A-8397-C90470C8E7DA}.Release|x86.Build.0 = Release|Win32
		{C89B6DEB-8FEB-4F9F-A82E-2F9B28F47127}.Debug|x64.ActiveCfg = Debug|x64
		{C89B6DEB-8FEB-4F9F-A82E-2F9B28F47127}.Debug|x64.Build.0 = Debug|x64
		{C89B6DEB-8FEB-4F9F-A82E-2F9B28F47127}.Debug|x86.ActiveCfg = Debug|Win32
		{C89B6DEB-8FEB-4F9F-A82E-2F9B28F47127}.Debug|x86.Build.0 = Debug|Win32
		{C89B6DEB-8FEB-4F9F-A82E-2F9B28F47127}.Release|x64.ActiveCfg = Release|x64
		{C89B6DEB-8FEB-4F9F-A82E-2F9B28F47127}.Release|x64.Build.0 = Release|x64
		{C89B6DEB-8FEB-4F9F-A82E-2F9B28F47127}.Release|x86.ActiveCfg = Release|Win32
		{C89B6DEB-8FEB-4F9F-A82E-2F9B28F47127}.Release|x86.Build.0 = Release|Win32
		{740926B4-6B66-4460-9457-370696042F68}.Debug|x64.ActiveCfg = Debug|x64
		{740926B4-6B66-4460-9457-370696042F68}.Debug|x64.Build.0 = Debug|x64
		{740926B4-6B66-4460-9457-370696042F68}.Debug|x86.ActiveCfg = Debug|Win32
		{740926B4-6B66-4460-9457-370696042F68}.Debug|x86.Build.0 = Debug|Win32
		{740926B4-6B66-4460-9457-370696042F68}.Release|x64.ActiveCfg = Release|x64
		{740926B4-6B66-4460-9457-370696042F68}.Release|x64.Build.0 = Release|x64
		{740926B4-6B66-4460-9457-370696042F68}.Release|x86.ActiveCfg = Release|Win32
		{740926B4-6B66-4460-9457-370696042F68}.Release|x86.Build.0 = Release|Win32
		{CE0F36B6-2988-417F-A4D5-52B537D008A6}.Debug|x64.ActiveCfg = Debug|x64
		{CE0F36B6-2988-417F-A4D5-52B537D008A6}.Debug|x64.Build.0 = Debug|x64
		{CE0F36B6-2988-417F-A4D5-52B537D008A6}.Debug|x86.ActiveCfg = Debug|Win32
		{CE0F36B6-2988-417F-A4D5-52B537D008A6}.Debug|x86.Build.0 = Debug|Win32
		{CE0F36B6-2988-417F-A4D5-52B537D008A6}.Release|x64.ActiveCfg = Release|x64
		{CE0F36B6-2988-417F-A4D5-52B537D008A6}.Release|x64.Build.0 = Release|x64
		{CE0F36B6-2988-417F-A4D5-52B537D008A6}.Release|x86.ActiveCfg = Release|Win32
		{CE0F36B6-2988-417F-A4D5-52B537D008A6}.Release|x86.Build.0 = Release|Win32
		{B4F9780E-FDF6-4718-832F-5E932BC4CB26}.Debug|x64.ActiveCfg = Debug|x64
		{B4F9780E-FDF6-4718-832F-5E932BC4CB26}.Debug|x64.Build.0 = Debug|x64
		{B4F9780E-FDF6-4718-832F-5E932BC4CB26}.Debug|x86.ActiveCfg = Debug|Win32
		{B4F9780E-FDF6-4718-832F-5E932BC4CB26}.Debug|x86.Build.0 = Debug|Win32
		{B4F9780E-FDF6-4718-832F-5E932BC4CB26}.Release|x64.ActiveCfg = Release|x64
		{B4F9780E-FDF6-4718-832F-5E932BC4CB26}.Release|x64.Build.0 = Release|x64
		{B4F9780E-FDF6-4718-832F-5E932BC4CB26}.Release|x86.ActiveCfg = Release|Win32
		{B4F9780E-FDF6-4718-832F-5E932BC4CB26}.Release|x86.Build.0 = Release|Win32
		{DB8FCAC8-22DC-4849-A31C-1F8C725ED617}.Debug|x64.ActiveCfg = Debug|x64
		{DB8FCAC8-22DC-4849-A31C-1F8C725ED617}.Debug|x64.Build.0 = Debug|x64
		{DB8FCAC8-22DC-4849-A31C-1F8C725ED617}.Debug|x86.ActiveCfg = Debug|Win32
		{DB8FCAC8-22DC-4849-A31C-1F8C725ED617}.Debug|x86.Build.0 = Debug|Win32
		{DB8FCAC8-22DC-4849-A31C-1F8C725ED617}.Release|x64.ActiveCfg = Release|x64
		{DB8FCAC8-22DC-4849-A31C-1F8C725ED617}.Release|x64.Build.0 = Release|x64
		{DB8FCAC8-22DC-4849-A31C-1F8C725ED617}.Release|x86.ActiveCfg = Release|Win32
		{DB8FCAC8-22DC-4849-A31C-1F8C725ED617}.Release|x86.Build.0 = Release|Win32
		{0B9AF6E7-7C16-496B-A35F-8D3C77D79542}.Debug|x64.ActiveCfg = Debug|x64
		{0B9AF6E7-7C16-496B-A35F-8D3C77D79542}.Debug|x64.Build.0 = Debug|x64
		{0B9AF6E7-7C16-496B-A35F-8D3C77D79542}.Debug|x86.ActiveCfg = Debug|Win32
		{0B9AF6E7-7C16-496B-A35F-8D3C77D79542}.Debug|x86.Build.0 = Debug|Win32
		{0B9AF6E7-7C16-496B-A35F-8D3C77D79542}.Release|x64.ActiveCfg = Release|x64
		{0B9AF6E7-7C16-496B-A35F-8D3C77D79542}.Release|x64.Build.0 = Release|x64
		{0B9AF6E7-7C16-496B-A35F-8D3C77D79542}.Release|x86.ActiveCfg = Release|Win32
		{0B9AF6E7-7C16-496B-A35F-8D3C77D79542}.Release|x86.Build.0 = Release|Win32
		{D062710D-E2B7-48AC-A40F-BA9F682AB02B}.Debug|x64.ActiveCfg = Debug|x64
		{D062710D-E2B7-48AC-A40F-BA9F682AB02B}.Debug|x64.Build.0 = Debug|x64
		{D062710D-E2B7-48AC-A40F-BA9F682AB02B}.Debug|x86.ActiveCfg = Debug|Win32
		{D062710D-E2B7-48AC-A40F-BA9F682AB02B}.Debug|x86.Build.0 = Debug|Win32
		{D062710D-E2B7-48AC-A40F-BA9F682AB02B}.Release|x64.ActiveCfg = Release|x64
		{D062710D-E2B7-48AC-A40F-BA9F682AB02B}.Release|x64.Build.0 = Release|x64
		{D062710D-E2B7-48AC-A40F-BA9F682AB02B}.Release|x86.ActiveCfg = Release|Win32
		{D062710D-E2B7-48AC-A40F-BA9F682AB02B}.Release|x86.Build.0 = Release|Win32
		{FE2EEB57-6557-4AF2-8071-9BF060394CFE}.Debug|x64.ActiveCfg = Debug|x64
		{FE2EEB57-6557-4AF2-8071-9BF060394CFE}.Debug|x64.Build.0 = Debug|x64
		{FE2EEB57-6557-4AF2-8071-9BF060394CFE}.Debug|x86.ActiveCfg = Debug|Win32
		{FE2EEB57-6557-4AF2-8071-9BF060394CFE}.Debug|x86.Build.0 = Debug|Win32
		{FE2EEB57-6557-4AF2-8071-9BF060394CFE}.Release|x64.ActiveCfg = Release|x64
		{FE2EEB57-6557-4AF2-8071-9BF060394CFE}.Release|x64.Build.0 = Release|x64
		{FE2EEB57-6557-4AF2-8071-9BF060394CFE}.Release|x86.ActiveCfg = Release|Win32
		{FE2EEB57-6557-4AF2-8071-9BF060394CFE}.Release|x86.Build.0 = Release|Win32
		{3DFAACFB-8766-4381-8A97-82E666524804}.Debug|x64.ActiveCfg = Debug|x64
		{3DFAACFB-8766-4381-8A97-82E666524804}.Debug|x64.Build.0 = Debug|x64
		{3DFAACFB-8766-4381-8A97-82E666524804}.Debug|x86.ActiveCfg = Debug|Win32
		{3DFAACFB-8766-4381-8A97-82E666524804}.Debug|x86.Build.0 = Debug|Win32
		{3DFAACFB-8766-4381-8A97-82E666524804}.Release|x64.ActiveCfg = Release|x64
		{3DFAACFB-8766-4381-8A97-82E666524804}.Release|x64.Build.0 = Release|x64
		{3DFAACFB-8766-4381-8A97-82E666524804}.Release|x86.ActiveCfg = Release|Win32
		{3DFAACFB-8766-4381-8A97-82E666524804}.Release|x86.Build.0 = Release|Win32
		{B24C24E0-E8D0-4B65-9C56-4EC6EE558236}.Debug|x64.ActiveCfg = Debug|x64
		{B24C24E0-E8D0-4B65-9C56-4EC6EE558236}.Debug|x64.Build.0 = Debug|x64
		{B24C24E0-E8D0-4B65-9C56-4EC6EE558236}.Debug|x86.ActiveCfg = Debug|Win32
		{B24C24E0-E8D0-4B65-9C56-4EC6EE558236}.Debug|x86.Build.0 = Debug|Win32
		{B24C24E0-E8D0-4B65-9C56-4EC6EE558236}.Release|x64.ActiveCfg = Release|x64
		{B24C24E0-E8D0-4B65-9C56-4EC6EE558236}.Release|x64.Build.0 = Release|x64
		{B24C24E0-E8D0-4B65-9C56-4EC6EE558236}.Release|x86.ActiveCfg = Release|Win32
		{B24C24E0-E8D0-4B65-9C56-4EC6EE558236}.Release|x86.Build.0 = Release|Win32
		{320939FA-3DC7-481A-92E5-4F098A728CF6}.Debug|x64.ActiveCfg = Debug|x64
		{320939FA-3DC7-481A-92E5-4F098A728CF6}.Debug|x64.Build.0 = Debug|x64
		{320939FA-3DC7-481A-92E5-4F098A728CF6}.Debug|x86.ActiveCfg = Debug|Win32
		{320939FA-3DC7-481A-92E5-4F098A728CF6}.Debug|x86.Build.0 = Debug|Win32
		{320939FA-3DC7-481A-92E5-4F098A728CF6}.Release|x64.ActiveCfg = Release|x64
		{320939FA-3DC7-481A-92E5-4F098A728CF6}.Release|x64.Build.0 = Release|x64
		{320939FA-3DC7-481A-92E5-4F098A728CF6}.Release|x86.ActiveCfg = Release|Win32
		{320939FA-3DC7-481A-92E5-4F098A728CF6}.Release|x86.Build.0 = Release|Win32
		{C41E2F37-265F-4DF1-A885-70B6A659D0F8}.Debug|x64.ActiveCfg = Debug|x64
		{C41E2F37-265F-4DF1-A885-70B6A659D0F8}.Debug|x64.Build.0 = Debug|x64
		{C41E2F37-265F-4DF1-A885-70B6A659D0F8}.Debug|x86.ActiveCfg = Debug|Win32
		{C41E2F37-265F-4DF1-A885-70B6A659D0F8}.Debug|x86.Build.0 = Debug|Win32
		{C41E2F37-265F-4DF1-A885-70B6A659D0F8}.Release|x64.ActiveCfg = Release|x64
		{C41E2F37-265F-4DF1-A885-70B6A659D0F8}.Release|x64.Build.0 = Release|x64
		{C41E2F37-265F-4DF1-A885-70B6A659D0F8}.Release|x86.ActiveCfg = Release|Win32
		{C41E2F37-265F-4DF1-A885-70B6A659D0F8}.Release|x86.Build.0 = Release|Win32
		{6CF96697-0109-4B5F-A2DC-DA1D2BEA428A}.Debug|x64.ActiveCfg = Debug|x64
		{6CF96697-0109-4B5F-A2DC-DA1D2BEA428A}.Debug|x64.Build.0 = Debug|x64
		{6CF96697-0109-4B5F-A2DC-DA1D2BEA428A}.Debug|x86.ActiveCfg = Debug|Win32
		{6CF96697-0109-4B5F-A2DC-DA1D2BEA428A}.Debug|x86.Build.0 = Debug|Win32
		{6CF96697-0109-4B5F-A2DC-DA1D2BEA428A}.Release|x64.ActiveCfg = Release|x64
		{6CF96697-0109-4B5F-A2DC-DA1D2BEA428A}.Release|x64.Build.0 = Release|x64
		{6CF96697-0109-4B5F-A2DC-DA1D2BEA428A}.Release|x86.ActiveCfg = Release|Win32
		{6CF96697-0109-4B5F-A2DC-DA1D2BEA428A}.Release|x86.Build.0 = Release|Win32
		{F9DF3A18-0B2F-49A0-A864-3A78E943C644}.Debug|x64.ActiveCfg = Debug|x64
		{F9DF3A18-0B2F-49A0-A864-3A78E943C644}.Debug|x64.Build.0 = Debug|x64
		{F9DF3A18-0B2F-49A0-A864-3A78E943C644}.Debug|x86.ActiveCfg = Debug|Win32
		{F9DF3A18-0B2F-49A0-A864-3A78E943C644}.Debug|x86.Build.0 = Debug|Win32
		{F9DF3A18-0B2F-49A0-A864-3A78E943C644}.Release|x64.ActiveCfg = Release|x64
		{F9DF3A18-0B2F-49A0-A864-3A78E943C644}.Release|x64.Build.0 = Release|x64
		{F9DF3A18-0B2F-49A0-A864-3A78E943C644}.Release|x86.ActiveCfg = Release|Win32
		{F9DF3A18-0B2F-49A0-A864-3A78E943C644}.Release|x86.Build.0 = Release|Win32
		{30FD294E-95C4-45E3-B872-721FBD432503}.Debug|x64.ActiveCfg = Debug|x64
		{30FD294E-95C4-45E3-B872-721FBD432503}.Debug|x64.Build.0 = Debug|x64
		{30FD294E-95C4-45E3-B872-721FBD432503}.Debug|x86.ActiveCfg = Debug|Win32
		{30FD294E-95C4-45E3-B872-721FBD432503}.Debug|x86.Build.0 = Debug|Win32
		{30FD294E-95C4-45E3-B872-721FBD432503}.Release|x64.ActiveCfg = Release|x64
		{30FD294E-95C4-45E3-B872-721FBD432503}.Release|x64.Build.0 = Release|x64
		{30FD294E-95C4-45E3-B872-721FBD432503}.Release|x86.ActiveCfg = Release|Win32
		{30FD294E-95C4-45E3-B872-721FBD432503}.Release|x86.Build.0 = Release|Win32
	EndGlobalSection
	GlobalSection(SolutionProperties) = preSolution
		HideSolutionNode = FALSE
	EndGlobalSection
	GlobalSection(ExtensibilityGlobals) = postSolution
		SolutionGuid = {BF89FC8A-AFC2-4B95-81B3-EC3A933D6035}
	EndGlobalSection
EndGlobal
