
Microsoft Visual Studio Solution File, Format Version 12.00
# Visual Studio Version 17
VisualStudioVersion = 17.4.33103.184
MinimumVisualStudioVersion = 10.0.40219.1
Project("{8BC9CEB8-8B4A-11D0-8D11-00A0C91BC942}") = "exam-01-01-hello", "exam-01-01-hello\exam-01-01-hello.vcxproj", "{0179982A-8B8F-4EC1-8BBC-3EBA0284DE8A}"
EndProject
Project("{8BC9CEB8-8B4A-11D0-8D11-00A0C91BC942}") = "exam-01-02-comment", "exam-01-02-comment\exam-01-02-comment.vcxproj", "{9691E47E-781D-4A3D-8EA4-AF839BD5D387}"
EndProject
Project("{8BC9CEB8-8B4A-11D0-8D11-00A0C91BC942}") = "exam-02-01-variable", "exam-02-01-variable\exam-02-01-variable.vcxproj", "{DDFC547D-B7BD-4AE6-9DB0-F48B58369C6A}"
EndProject
Project("{8BC9CEB8-8B4A-11D0-8D11-00A0C91BC942}") = "exam-02-02-variable-type", "exam-02-02-variable-type\exam-02-02-variable-type.vcxproj", "{F5F06F57-A0D1-4E04-8CA5-F6D6EE9DE177}"
EndProject
Project("{8BC9CEB8-8B4A-11D0-8D11-00A0C91BC942}") = "exam-02-03-literal", "exam-02-03-literal\exam-02-03-literal.vcxproj", "{6485F838-501D-494F-909B-BADE6537A9C9}"
EndProject
Project("{8BC9CEB8-8B4A-11D0-8D11-00A0C91BC942}") = "exam-02-04-cast", "exam-02-04-cast\exam-02-04-cast.vcxproj", "{31A5CC1D-C93C-4C2B-8313-A841FACD4E6D}"
EndProject
Project("{8BC9CEB8-8B4A-11D0-8D11-00A0C91BC942}") = "exam-03-01-data", "exam-03-01-data\exam-03-01-data.vcxproj", "{392AFC3A-8937-4FD8-A62B-103B2019A63B}"
EndProject
Project("{8BC9CEB8-8B4A-11D0-8D11-00A0C91BC942}") = "exam-04-01-printf", "exam-04-01-printf\exam-04-01-printf.vcxproj", "{103F39DB-CC3A-4832-B29D-A5D9CC441130}"
EndProject
Project("{8BC9CEB8-8B4A-11D0-8D11-00A0C91BC942}") = "exam-04-02-scanf", "exam-04-02-scanf\exam-04-02-scanf.vcxproj", "{8AB8B70E-3570-42F1-8E2D-9063352008F1}"
EndProject
Project("{8BC9CEB8-8B4A-11D0-8D11-00A0C91BC942}") = "exam-05-01-operator", "exam-05-01-operator\exam-05-01-operator.vcxproj", "{A561EDEB-CF72-430A-8397-C90470C8E7DA}"
EndProject
Project("{8BC9CEB8-8B4A-11D0-8D11-00A0C91BC942}") = "exam-06-01-operator2", "exam-06-01-operator2\exam-06-01-operator2.vcxproj", "{C89B6DEB-8FEB-4F9F-A82E-2F9B28F47127}"
EndProject
Project("{8BC9CEB8-8B4A-11D0-8D11-00A0C91BC942}") = "exam-07-01-conditional", "exam-07-01-conditional\exam-07-01-conditional.vcxproj", "{740926B4-6B66-4460-9457-370696042F68}"
EndProject
Project("{8BC9CEB8-8B4A-11D0-8D11-00A0C91BC942}") = "exam-07-02-conditional2", "exam-07-02-conditional2\exam-07-02-conditional2.vcxproj", "{CE0F36B6-2988-417F-A4D5-52B537D008A6}"
EndProject
Project("{8BC9CEB8-8B4A-11D0-8D11-00A0C91BC942}") = "exam-08-01-loop", "exam-08-01-loop\exam-08-01-loop.vcxproj", "{B4F9780E-FDF6-4718-832F-5E932BC4CB26}"
EndProject
Project("{8BC9CEB8-8B4A-11D0-8D11-00A0C91BC942}") = "exam-08-02-loop-do-while", "exam-08-02-loop-do-while\exam-08-02-loop-do-while.vcxproj", "{DB8FCAC8-22DC-4849-A31C-1F8C725ED617}"
EndProject
Project("{8BC9CEB8-8B4A-11D0-8D11-00A0C91BC942}") = "exam-08-03-loop-for", "exam-08-03-loop-for\exam-08-03-loop-for.vcxproj", "{0B9AF6E7-7C16-496B-A35F-8D3C77D79542}"
EndProject
Project("{8BC9CEB8-8B4A-11D0-8D11-00A0C91BC942}") = "exam-08-04-loop-break", "exam-08-04-loop-break\exam-08-04-loop-break.vcxproj", "{D062710D-E2B7-48AC-A40F-BA9F682AB02B}"
EndProject
Project("{8BC9CEB8-8B4A-11D0-8D11-00A0C91BC942}") = "exam-08-05-loop-continue", "exam-08-05-loop-continue\exam-08-05-loop-continue.vcxproj", "{FE2EEB57-6557-4AF2-8071-9BF060394CFE}"
EndProject
Project("{8BC9CEB8-8B4A-11D0-8D11-00A0C91BC942}") = "exam-08-06-loop-homework", "exam-08-06-loop-homework\exam-08-06-loop-homework.vcxproj", "{3DFAACFB-8766-4381-8A97-82E666524804}"
EndProject
Project("{8BC9CEB8-8B4A-11D0-8D11-00A0C91BC942}") = "exam-09-01-array", "exam-09-01-array\exam-09-01-array.vcxproj", "{B24C24E0-E8D0-4B65-9C56-4EC6EE558236}"
EndProject
Project("{8BC9CEB8-8B4A-11D0-8D11-00A0C91BC942}") = "exam-12-01-array2d", "exam-12-01-array2d\exam-12-01-array2d.vcxproj", "{320939FA-3DC7-481A-92E5-4F098A728CF6}"
EndProject
Project("{8BC9CEB8-8B4A-11D0-8D11-00A0C91BC942}") = "exam-12-02-array3d", "exam-12-02-array3d\exam-12-02-array3d.vcxproj", "{C41E2F37-265F-4DF1-A885-70B6A659D0F8}"
EndProject
Project("{8BC9CEB8-8B4A-11D0-8D11-00A0C91BC942}") = "exam-12-03-homework", "exam-12-03-homework\exam-12-03-homework.vcxproj", "{6CF96697-0109-4B5F-A2DC-DA1D2BEA428A}"
EndProject
Project("{8BC9CEB8-8B4A-11D0-8D11-00A0C91BC942}") = "exam-10-01-pointer", "exam-10-01-pointer\exam-10-01-pointer.vcxproj", "{F9DF3A18-0B2F-49A0-A864-3A78E943C644}"
EndProject
Project("{8BC9CEB8-8B4A-11D0-8D11-00A0C91BC942}") = "exam-11-01-arrayAndPointer", "exam-11-01-arrayAndPointer\exam-11-01-arrayAndPointer.vcxproj", "{30FD294E-95C4-45E3-B872-721FBD432503}"
EndProject
Project("{8BC9CEB8-8B4A-11D0-8D11-00A0C91BC942}") = "exam-11-02-arrayAndPointer2", "exam-11-02-arrayAndPointer2\exam-11-02-arrayAndPointer2.vcxproj", "{96582C65-92BB-44F4-B8F1-48548E699F92}"
EndProject
Project("{8BC9CEB8-8B4A-11D0-8D11-00A0C91BC942}") = "exam-12-04-array-pointer", "exam-12-04-array-pointer\exam-12-04-array-pointer.vcxproj", "{75D263C6-9DA3-48DA-9988-3399E4EB4186}"
EndProject
Project("{8BC9CEB8-8B4A-11D0-8D11-00A0C91BC942}") = "exam-13-01-string", "exam-13-01-string\exam-13-01-string.vcxproj", "{C86C7859-D9E3-4F48-B52D-F20726FF99A0}"
EndProject
Project("{8BC9CEB8-8B4A-11D0-8D11-00A0C91BC942}") = "exam-13-02-char-function", "exam-13-02-char-function\exam-13-02-char-function.vcxproj", "{9442609B-19A1-49F7-83A5-4DE4C8BCABFB}"
EndProject
Project("{8BC9CEB8-8B4A-11D0-8D11-00A0C91BC942}") = "exam-13-03-eof", "exam-13-03-eof\exam-13-03-eof.vcxproj", "{6BC6C044-BA37-4ADB-AB30-3D7AF7068418}"
EndProject
Project("{8BC9CEB8-8B4A-11D0-8D11-00A0C91BC942}") = "exam-13-04-gets-puts", "exam-13-04-gets-puts\exam-13-04-gets-puts.vcxproj", "{F461404C-7440-4671-AA20-650E7B64A714}"
EndProject
Project("{8BC9CEB8-8B4A-11D0-8D11-00A0C91BC942}") = "exam-13-05-string-function", "exam-13-05-string-function\exam-13-05-string-function.vcxproj", "{6E82F617-3048-48A5-96C3-2A78CACDC484}"
EndProject
Project("{8BC9CEB8-8B4A-11D0-8D11-00A0C91BC942}") = "exam-13-06-string-function2", "exam-13-06-string-function2\exam-13-06-string-function2.vcxproj", "{C8172C29-754D-42CC-AE42-28166BF329BC}"
EndProject
Project("{8BC9CEB8-8B4A-11D0-8D11-00A0C91BC942}") = "Exam-14-01-memory-area", "Exam-14-01-memory-area\Exam-14-01-memory-area.vcxproj", "{0CB3E781-2D41-4A6C-9E53-9340EF52C006}"
EndProject
Project("{8BC9CEB8-8B4A-11D0-8D11-00A0C91BC942}") = "exam-15-01-function", "exam-15-01-function\exam-15-01-function.vcxproj", "{7EB38449-3A33-4BDF-ABB5-D77460FC5931}"
EndProject
Project("{8BC9CEB8-8B4A-11D0-8D11-00A0C91BC942}") = "exam-15-02-function2", "exam-15-02-function2\exam-15-02-function2.vcxproj", "{D45838F4-F77D-45A4-AB5B-4E5555664DA7}"
EndProject
Project("{8BC9CEB8-8B4A-11D0-8D11-00A0C91BC942}") = "exam-15-03-function3", "exam-15-03-function3\exam-15-03-function3.vcxproj", "{89E709FE-95F8-4E37-83F2-D5B70B6F0581}"
EndProject
Project("{8BC9CEB8-8B4A-11D0-8D11-00A0C91BC942}") = "exam-15-04-function4", "exam-15-04-function4\exam-15-04-function4.vcxproj", "{EE977BED-C1DF-4BCD-AA83-C539F5D6B36E}"
EndProject
Project("{8BC9CEB8-8B4A-11D0-8D11-00A0C91BC942}") = "exam-15-05-local", "exam-15-05-local\exam-15-05-local.vcxproj", "{5B14A601-BB6F-4486-914D-A4F4BD127C29}"
EndProject
Project("{8BC9CEB8-8B4A-11D0-8D11-00A0C91BC942}") = "exam-15-06-global", "exam-15-06-global\exam-15-06-global.vcxproj", "{DC3FC8B9-A97C-40DA-878D-BE2C4181BBEE}"
EndProject
Project("{8BC9CEB8-8B4A-11D0-8D11-00A0C91BC942}") = "exam-15-07-static", "exam-15-07-static\exam-15-07-static.vcxproj", "{290926A7-C438-4EBF-892A-A16C65992400}"
EndProject
Project("{8BC9CEB8-8B4A-11D0-8D11-00A0C91BC942}") = "exam-16-01-function-array", "exam-16-01-function-array\exam-16-01-function-array.vcxproj", "{5F3DDCF7-6D69-4204-985A-4C1338FE82A0}"
EndProject
Project("{8BC9CEB8-8B4A-11D0-8D11-00A0C91BC942}") = "exam-16-02-function-array2", "exam-16-02-function-array2\exam-16-02-function-array2.vcxproj", "{4A080D7A-C95C-4C11-8C4C-C2FB4CBFDBA9}"
EndProject
Project("{8BC9CEB8-8B4A-11D0-8D11-00A0C91BC942}") = "exam-16-03-call-by-value", "exam-16-03-call-by-value\exam-16-03-call-by-value.vcxproj", "{F0D6B12A-0B90-49DC-BFA4-995D0F642B3F}"
EndProject
Project("{8BC9CEB8-8B4A-11D0-8D11-00A0C91BC942}") = "exam-16-04-call-by-reference", "exam-16-04-call-by-reference\exam-16-04-call-by-reference.vcxproj", "{7D8C7CF0-CD5D-4AD2-8F00-04CC735F2067}"
EndProject
Project("{8BC9CEB8-8B4A-11D0-8D11-00A0C91BC942}") = "exam-16-05-recursive-function", "exam-16-05-recursive-function\exam-16-05-recursive-function.vcxproj", "{05A362C1-5FDE-4776-84DA-50C67ACA435D}"
EndProject
Project("{8BC9CEB8-8B4A-11D0-8D11-00A0C91BC942}") = "exam-16-06-recursive-function2", "exam-16-06-recursive-function2\exam-16-06-recursive-function2.vcxproj", "{E9065143-9345-4080-A061-47C3459480B6}"
EndProject
Project("{8BC9CEB8-8B4A-11D0-8D11-00A0C91BC942}") = "exam-17-01-double-pointer", "exam-17-01-double-pointer\exam-17-01-double-pointer.vcxproj", "{42D76327-79CE-4FD3-BB32-79F979F8BEE0}"
EndProject
Project("{8BC9CEB8-8B4A-11D0-8D11-00A0C91BC942}") = "exam-17-02-double-pointer-swap", "exam-17-02-double-pointer-swap\exam-17-02-double-pointer-swap.vcxproj", "{D1BDE8F1-A580-46CC-888B-0AC31BDACFBB}"
EndProject
Project("{8BC9CEB8-8B4A-11D0-8D11-00A0C91BC942}") = "exam-17-03-multiple-pointer", "exam-17-03-multiple-pointer\exam-17-03-multiple-pointer.vcxproj", "{0BB22192-D0BB-479E-96D9-8B9953484C07}"
EndProject
Project("{8BC9CEB8-8B4A-11D0-8D11-00A0C91BC942}") = "exam-17-04-function-pointer", "exam-17-04-function-pointer\exam-17-04-function-pointer.vcxproj", "{8EAA9433-377F-4DFD-8379-799A3D2DBFEA}"
EndProject
Project("{8BC9CEB8-8B4A-11D0-8D11-00A0C91BC942}") = "exam-18-01-why-heap", "exam-18-01-why-heap\exam-18-01-why-heap.vcxproj", "{37B79151-10BA-4E33-877B-50B0D6EEE19B}"
EndProject
Global
	GlobalSection(SolutionConfigurationPlatforms) = preSolution
		Debug|x64 = Debug|x64
		Debug|x86 = Debug|x86
		Release|x64 = Release|x64
		Release|x86 = Release|x86
	EndGlobalSection
	GlobalSection(ProjectConfigurationPlatforms) = postSolution
		{0179982A-8B8F-4EC1-8BBC-3EBA0284DE8A}.Debug|x64.ActiveCfg = Debug|x64
		{0179982A-8B8F-4EC1-8BBC-3EBA0284DE8A}.Debug|x64.Build.0 = Debug|x64
		{0179982A-8B8F-4EC1-8BBC-3EBA0284DE8A}.Debug|x86.ActiveCfg = Debug|Win32
		{0179982A-8B8F-4EC1-8BBC-3EBA0284DE8A}.Debug|x86.Build.0 = Debug|Win32
		{0179982A-8B8F-4EC1-8BBC-3EBA0284DE8A}.Release|x64.ActiveCfg = Release|x64
		{0179982A-8B8F-4EC1-8BBC-3EBA0284DE8A}.Release|x64.Build.0 = Release|x64
		{0179982A-8B8F-4EC1-8BBC-3EBA0284DE8A}.Release|x86.ActiveCfg = Release|Win32
		{0179982A-8B8F-4EC1-8BBC-3EBA0284DE8A}.Release|x86.Build.0 = Release|Win32
		{9691E47E-781D-4A3D-8EA4-AF839BD5D387}.Debug|x64.ActiveCfg = Debug|x64
		{9691E47E-781D-4A3D-8EA4-AF839BD5D387}.Debug|x64.Build.0 = Debug|x64
		{9691E47E-781D-4A3D-8EA4-AF839BD5D387}.Debug|x86.ActiveCfg = Debug|Win32
		{9691E47E-781D-4A3D-8EA4-AF839BD5D387}.Debug|x86.Build.0 = Debug|Win32
		{9691E47E-781D-4A3D-8EA4-AF839BD5D387}.Release|x64.ActiveCfg = Release|x64
		{9691E47E-781D-4A3D-8EA4-AF839BD5D387}.Release|x64.Build.0 = Release|x64
		{9691E47E-781D-4A3D-8EA4-AF839BD5D387}.Release|x86.ActiveCfg = Release|Win32
		{9691E47E-781D-4A3D-8EA4-AF839BD5D387}.Release|x86.Build.0 = Release|Win32
		{DDFC547D-B7BD-4AE6-9DB0-F48B58369C6A}.Debug|x64.ActiveCfg = Debug|x64
		{DDFC547D-B7BD-4AE6-9DB0-F48B58369C6A}.Debug|x64.Build.0 = Debug|x64
		{DDFC547D-B7BD-4AE6-9DB0-F48B58369C6A}.Debug|x86.ActiveCfg = Debug|Win32
		{DDFC547D-B7BD-4AE6-9DB0-F48B58369C6A}.Debug|x86.Build.0 = Debug|Win32
		{DDFC547D-B7BD-4AE6-9DB0-F48B58369C6A}.Release|x64.ActiveCfg = Release|x64
		{DDFC547D-B7BD-4AE6-9DB0-F48B58369C6A}.Release|x64.Build.0 = Release|x64
		{DDFC547D-B7BD-4AE6-9DB0-F48B58369C6A}.Release|x86.ActiveCfg = Release|Win32
		{DDFC547D-B7BD-4AE6-9DB0-F48B58369C6A}.Release|x86.Build.0 = Release|Win32
		{F5F06F57-A0D1-4E04-8CA5-F6D6EE9DE177}.Debug|x64.ActiveCfg = Debug|x64
		{F5F06F57-A0D1-4E04-8CA5-F6D6EE9DE177}.Debug|x64.Build.0 = Debug|x64
		{F5F06F57-A0D1-4E04-8CA5-F6D6EE9DE177}.Debug|x86.ActiveCfg = Debug|Win32
		{F5F06F57-A0D1-4E04-8CA5-F6D6EE9DE177}.Debug|x86.Build.0 = Debug|Win32
		{F5F06F57-A0D1-4E04-8CA5-F6D6EE9DE177}.Release|x64.ActiveCfg = Release|x64
		{F5F06F57-A0D1-4E04-8CA5-F6D6EE9DE177}.Release|x64.Build.0 = Release|x64
		{F5F06F57-A0D1-4E04-8CA5-F6D6EE9DE177}.Release|x86.ActiveCfg = Release|Win32
		{F5F06F57-A0D1-4E04-8CA5-F6D6EE9DE177}.Release|x86.Build.0 = Release|Win32
		{6485F838-501D-494F-909B-BADE6537A9C9}.Debug|x64.ActiveCfg = Debug|x64
		{6485F838-501D-494F-909B-BADE6537A9C9}.Debug|x64.Build.0 = Debug|x64
		{6485F838-501D-494F-909B-BADE6537A9C9}.Debug|x86.ActiveCfg = Debug|Win32
		{6485F838-501D-494F-909B-BADE6537A9C9}.Debug|x86.Build.0 = Debug|Win32
		{6485F838-501D-494F-909B-BADE6537A9C9}.Release|x64.ActiveCfg = Release|x64
		{6485F838-501D-494F-909B-BADE6537A9C9}.Release|x64.Build.0 = Release|x64
		{6485F838-501D-494F-909B-BADE6537A9C9}.Release|x86.ActiveCfg = Release|Win32
		{6485F838-501D-494F-909B-BADE6537A9C9}.Release|x86.Build.0 = Release|Win32
		{31A5CC1D-C93C-4C2B-8313-A841FACD4E6D}.Debug|x64.ActiveCfg = Debug|x64
		{31A5CC1D-C93C-4C2B-8313-A841FACD4E6D}.Debug|x64.Build.0 = Debug|x64
		{31A5CC1D-C93C-4C2B-8313-A841FACD4E6D}.Debug|x86.ActiveCfg = Debug|Win32
		{31A5CC1D-C93C-4C2B-8313-A841FACD4E6D}.Debug|x86.Build.0 = Debug|Win32
		{31A5CC1D-C93C-4C2B-8313-A841FACD4E6D}.Release|x64.ActiveCfg = Release|x64
		{31A5CC1D-C93C-4C2B-8313-A841FACD4E6D}.Release|x64.Build.0 = Release|x64
		{31A5CC1D-C93C-4C2B-8313-A841FACD4E6D}.Release|x86.ActiveCfg = Release|Win32
		{31A5CC1D-C93C-4C2B-8313-A841FACD4E6D}.Release|x86.Build.0 = Release|Win32
		{392AFC3A-8937-4FD8-A62B-103B2019A63B}.Debug|x64.ActiveCfg = Debug|x64
		{392AFC3A-8937-4FD8-A62B-103B2019A63B}.Debug|x64.Build.0 = Debug|x64
		{392AFC3A-8937-4FD8-A62B-103B2019A63B}.Debug|x86.ActiveCfg = Debug|Win32
		{392AFC3A-8937-4FD8-A62B-103B2019A63B}.Debug|x86.Build.0 = Debug|Win32
		{392AFC3A-8937-4FD8-A62B-103B2019A63B}.Release|x64.ActiveCfg = Release|x64
		{392AFC3A-8937-4FD8-A62B-103B2019A63B}.Release|x64.Build.0 = Release|x64
		{392AFC3A-8937-4FD8-A62B-103B2019A63B}.Release|x86.ActiveCfg = Release|Win32
		{392AFC3A-8937-4FD8-A62B-103B2019A63B}.Release|x86.Build.0 = Release|Win32
		{103F39DB-CC3A-4832-B29D-A5D9CC441130}.Debug|x64.ActiveCfg = Debug|x64
		{103F39DB-CC3A-4832-B29D-A5D9CC441130}.Debug|x64.Build.0 = Debug|x64
		{103F39DB-CC3A-4832-B29D-A5D9CC441130}.Debug|x86.ActiveCfg = Debug|Win32
		{103F39DB-CC3A-4832-B29D-A5D9CC441130}.Debug|x86.Build.0 = Debug|Win32
		{103F39DB-CC3A-4832-B29D-A5D9CC441130}.Release|x64.ActiveCfg = Release|x64
		{103F39DB-CC3A-4832-B29D-A5D9CC441130}.Release|x64.Build.0 = Release|x64
		{103F39DB-CC3A-4832-B29D-A5D9CC441130}.Release|x86.ActiveCfg = Release|Win32
		{103F39DB-CC3A-4832-B29D-A5D9CC441130}.Release|x86.Build.0 = Release|Win32
		{8AB8B70E-3570-42F1-8E2D-9063352008F1}.Debug|x64.ActiveCfg = Debug|x64
		{8AB8B70E-3570-42F1-8E2D-9063352008F1}.Debug|x64.Build.0 = Debug|x64
		{8AB8B70E-3570-42F1-8E2D-9063352008F1}.Debug|x86.ActiveCfg = Debug|Win32
		{8AB8B70E-3570-42F1-8E2D-9063352008F1}.Debug|x86.Build.0 = Debug|Win32
		{8AB8B70E-3570-42F1-8E2D-9063352008F1}.Release|x64.ActiveCfg = Release|x64
		{8AB8B70E-3570-42F1-8E2D-9063352008F1}.Release|x64.Build.0 = Release|x64
		{8AB8B70E-3570-42F1-8E2D-9063352008F1}.Release|x86.ActiveCfg = Release|Win32
		{8AB8B70E-3570-42F1-8E2D-9063352008F1}.Release|x86.Build.0 = Release|Win32
		{A561EDEB-CF72-430A-8397-C90470C8E7DA}.Debug|x64.ActiveCfg = Debug|x64
		{A561EDEB-CF72-430A-8397-C90470C8E7DA}.Debug|x64.Build.0 = Debug|x64
		{A561EDEB-CF72-430A-8397-C90470C8E7DA}.Debug|x86.ActiveCfg = Debug|Win32
		{A561EDEB-CF72-430A-8397-C90470C8E7DA}.Debug|x86.Build.0 = Debug|Win32
		{A561EDEB-CF72-430A-8397-C90470C8E7DA}.Release|x64.ActiveCfg = Release|x64
		{A561EDEB-CF72-430A-8397-C90470C8E7DA}.Release|x64.Build.0 = Release|x64
		{A561EDEB-CF72-430A-8397-C90470C8E7DA}.Release|x86.ActiveCfg = Release|Win32
		{A561EDEB-CF72-430A-8397-C90470C8E7DA}.Release|x86.Build.0 = Release|Win32
		{C89B6DEB-8FEB-4F9F-A82E-2F9B28F47127}.Debug|x64.ActiveCfg = Debug|x64
		{C89B6DEB-8FEB-4F9F-A82E-2F9B28F47127}.Debug|x64.Build.0 = Debug|x64
		{C89B6DEB-8FEB-4F9F-A82E-2F9B28F47127}.Debug|x86.ActiveCfg = Debug|Win32
		{C89B6DEB-8FEB-4F9F-A82E-2F9B28F47127}.Debug|x86.Build.0 = Debug|Win32
		{C89B6DEB-8FEB-4F9F-A82E-2F9B28F47127}.Release|x64.ActiveCfg = Release|x64
		{C89B6DEB-8FEB-4F9F-A82E-2F9B28F47127}.Release|x64.Build.0 = Release|x64
		{C89B6DEB-8FEB-4F9F-A82E-2F9B28F47127}.Release|x86.ActiveCfg = Release|Win32
		{C89B6DEB-8FEB-4F9F-A82E-2F9B28F47127}.Release|x86.Build.0 = Release|Win32
		{740926B4-6B66-4460-9457-370696042F68}.Debug|x64.ActiveCfg = Debug|x64
		{740926B4-6B66-4460-9457-370696042F68}.Debug|x64.Build.0 = Debug|x64
		{740926B4-6B66-4460-9457-370696042F68}.Debug|x86.ActiveCfg = Debug|Win32
		{740926B4-6B66-4460-9457-370696042F68}.Debug|x86.Build.0 = Debug|Win32
		{740926B4-6B66-4460-9457-370696042F68}.Release|x64.ActiveCfg = Release|x64
		{740926B4-6B66-4460-9457-370696042F68}.Release|x64.Build.0 = Release|x64
		{740926B4-6B66-4460-9457-370696042F68}.Release|x86.ActiveCfg = Release|Win32
		{740926B4-6B66-4460-9457-370696042F68}.Release|x86.Build.0 = Release|Win32
		{CE0F36B6-2988-417F-A4D5-52B537D008A6}.Debug|x64.ActiveCfg = Debug|x64
		{CE0F36B6-2988-417F-A4D5-52B537D008A6}.Debug|x64.Build.0 = Debug|x64
		{CE0F36B6-2988-417F-A4D5-52B537D008A6}.Debug|x86.ActiveCfg = Debug|Win32
		{CE0F36B6-2988-417F-A4D5-52B537D008A6}.Debug|x86.Build.0 = Debug|Win32
		{CE0F36B6-2988-417F-A4D5-52B537D008A6}.Release|x64.ActiveCfg = Release|x64
		{CE0F36B6-2988-417F-A4D5-52B537D008A6}.Release|x64.Build.0 = Release|x64
		{CE0F36B6-2988-417F-A4D5-52B537D008A6}.Release|x86.ActiveCfg = Release|Win32
		{CE0F36B6-2988-417F-A4D5-52B537D008A6}.Release|x86.Build.0 = Release|Win32
		{B4F9780E-FDF6-4718-832F-5E932BC4CB26}.Debug|x64.ActiveCfg = Debug|x64
		{B4F9780E-FDF6-4718-832F-5E932BC4CB26}.Debug|x64.Build.0 = Debug|x64
		{B4F9780E-FDF6-4718-832F-5E932BC4CB26}.Debug|x86.ActiveCfg = Debug|Win32
		{B4F9780E-FDF6-4718-832F-5E932BC4CB26}.Debug|x86.Build.0 = Debug|Win32
		{B4F9780E-FDF6-4718-832F-5E932BC4CB26}.Release|x64.ActiveCfg = Release|x64
		{B4F9780E-FDF6-4718-832F-5E932BC4CB26}.Release|x64.Build.0 = Release|x64
		{B4F9780E-FDF6-4718-832F-5E932BC4CB26}.Release|x86.ActiveCfg = Release|Win32
		{B4F9780E-FDF6-4718-832F-5E932BC4CB26}.Release|x86.Build.0 = Release|Win32
		{DB8FCAC8-22DC-4849-A31C-1F8C725ED617}.Debug|x64.ActiveCfg = Debug|x64
		{DB8FCAC8-22DC-4849-A31C-1F8C725ED617}.Debug|x64.Build.0 = Debug|x64
		{DB8FCAC8-22DC-4849-A31C-1F8C725ED617}.Debug|x86.ActiveCfg = Debug|Win32
		{DB8FCAC8-22DC-4849-A31C-1F8C725ED617}.Debug|x86.Build.0 = Debug|Win32
		{DB8FCAC8-22DC-4849-A31C-1F8C725ED617}.Release|x64.ActiveCfg = Release|x64
		{DB8FCAC8-22DC-4849-A31C-1F8C725ED617}.Release|x64.Build.0 = Release|x64
		{DB8FCAC8-22DC-4849-A31C-1F8C725ED617}.Release|x86.ActiveCfg = Release|Win32
		{DB8FCAC8-22DC-4849-A31C-1F8C725ED617}.Release|x86.Build.0 = Release|Win32
		{0B9AF6E7-7C16-496B-A35F-8D3C77D79542}.Debug|x64.ActiveCfg = Debug|x64
		{0B9AF6E7-7C16-496B-A35F-8D3C77D79542}.Debug|x64.Build.0 = Debug|x64
		{0B9AF6E7-7C16-496B-A35F-8D3C77D79542}.Debug|x86.ActiveCfg = Debug|Win32
		{0B9AF6E7-7C16-496B-A35F-8D3C77D79542}.Debug|x86.Build.0 = Debug|Win32
		{0B9AF6E7-7C16-496B-A35F-8D3C77D79542}.Release|x64.ActiveCfg = Release|x64
		{0B9AF6E7-7C16-496B-A35F-8D3C77D79542}.Release|x64.Build.0 = Release|x64
		{0B9AF6E7-7C16-496B-A35F-8D3C77D79542}.Release|x86.ActiveCfg = Release|Win32
		{0B9AF6E7-7C16-496B-A35F-8D3C77D79542}.Release|x86.Build.0 = Release|Win32
		{D062710D-E2B7-48AC-A40F-BA9F682AB02B}.Debug|x64.ActiveCfg = Debug|x64
		{D062710D-E2B7-48AC-A40F-BA9F682AB02B}.Debug|x64.Build.0 = Debug|x64
		{D062710D-E2B7-48AC-A40F-BA9F682AB02B}.Debug|x86.ActiveCfg = Debug|Win32
		{D062710D-E2B7-48AC-A40F-BA9F682AB02B}.Debug|x86.Build.0 = Debug|Win32
		{D062710D-E2B7-48AC-A40F-BA9F682AB02B}.Release|x64.ActiveCfg = Release|x64
		{D062710D-E2B7-48AC-A40F-BA9F682AB02B}.Release|x64.Build.0 = Release|x64
		{D062710D-E2B7-48AC-A40F-BA9F682AB02B}.Release|x86.ActiveCfg = Release|Win32
		{D062710D-E2B7-48AC-A40F-BA9F682AB02B}.Release|x86.Build.0 = Release|Win32
		{FE2EEB57-6557-4AF2-8071-9BF060394CFE}.Debug|x64.ActiveCfg = Debug|x64
		{FE2EEB57-6557-4AF2-8071-9BF060394CFE}.Debug|x64.Build.0 = Debug|x64
		{FE2EEB57-6557-4AF2-8071-9BF060394CFE}.Debug|x86.ActiveCfg = Debug|Win32
		{FE2EEB57-6557-4AF2-8071-9BF060394CFE}.Debug|x86.Build.0 = Debug|Win32
		{FE2EEB57-6557-4AF2-8071-9BF060394CFE}.Release|x64.ActiveCfg = Release|x64
		{FE2EEB57-6557-4AF2-8071-9BF060394CFE}.Release|x64.Build.0 = Release|x64
		{FE2EEB57-6557-4AF2-8071-9BF060394CFE}.Release|x86.ActiveCfg = Release|Win32
		{FE2EEB57-6557-4AF2-8071-9BF060394CFE}.Release|x86.Build.0 = Release|Win32
		{3DFAACFB-8766-4381-8A97-82E666524804}.Debug|x64.ActiveCfg = Debug|x64
		{3DFAACFB-8766-4381-8A97-82E666524804}.Debug|x64.Build.0 = Debug|x64
		{3DFAACFB-8766-4381-8A97-82E666524804}.Debug|x86.ActiveCfg = Debug|Win32
		{3DFAACFB-8766-4381-8A97-82E666524804}.Debug|x86.Build.0 = Debug|Win32
		{3DFAACFB-8766-4381-8A97-82E666524804}.Release|x64.ActiveCfg = Release|x64
		{3DFAACFB-8766-4381-8A97-82E666524804}.Release|x64.Build.0 = Release|x64
		{3DFAACFB-8766-4381-8A97-82E666524804}.Release|x86.ActiveCfg = Release|Win32
		{3DFAACFB-8766-4381-8A97-82E666524804}.Release|x86.Build.0 = Release|Win32
		{B24C24E0-E8D0-4B65-9C56-4EC6EE558236}.Debug|x64.ActiveCfg = Debug|x64
		{B24C24E0-E8D0-4B65-9C56-4EC6EE558236}.Debug|x64.Build.0 = Debug|x64
		{B24C24E0-E8D0-4B65-9C56-4EC6EE558236}.Debug|x86.ActiveCfg = Debug|Win32
		{B24C24E0-E8D0-4B65-9C56-4EC6EE558236}.Debug|x86.Build.0 = Debug|Win32
		{B24C24E0-E8D0-4B65-9C56-4EC6EE558236}.Release|x64.ActiveCfg = Release|x64
		{B24C24E0-E8D0-4B65-9C56-4EC6EE558236}.Release|x64.Build.0 = Release|x64
		{B24C24E0-E8D0-4B65-9C56-4EC6EE558236}.Release|x86.ActiveCfg = Release|Win32
		{B24C24E0-E8D0-4B65-9C56-4EC6EE558236}.Release|x86.Build.0 = Release|Win32
		{320939FA-3DC7-481A-92E5-4F098A728CF6}.Debug|x64.ActiveCfg = Debug|x64
		{320939FA-3DC7-481A-92E5-4F098A728CF6}.Debug|x64.Build.0 = Debug|x64
		{320939FA-3DC7-481A-92E5-4F098A728CF6}.Debug|x86.ActiveCfg = Debug|Win32
		{320939FA-3DC7-481A-92E5-4F098A728CF6}.Debug|x86.Build.0 = Debug|Win32
		{320939FA-3DC7-481A-92E5-4F098A728CF6}.Release|x64.ActiveCfg = Release|x64
		{320939FA-3DC7-481A-92E5-4F098A728CF6}.Release|x64.Build.0 = Release|x64
		{320939FA-3DC7-481A-92E5-4F098A728CF6}.Release|x86.ActiveCfg = Release|Win32
		{320939FA-3DC7-481A-92E5-4F098A728CF6}.Release|x86.Build.0 = Release|Win32
		{C41E2F37-265F-4DF1-A885-70B6A659D0F8}.Debug|x64.ActiveCfg = Debug|x64
		{C41E2F37-265F-4DF1-A885-70B6A659D0F8}.Debug|x64.Build.0 = Debug|x64
		{C41E2F37-265F-4DF1-A885-70B6A659D0F8}.Debug|x86.ActiveCfg = Debug|Win32
		{C41E2F37-265F-4DF1-A885-70B6A659D0F8}.Debug|x86.Build.0 = Debug|Win32
		{C41E2F37-265F-4DF1-A885-70B6A659D0F8}.Release|x64.ActiveCfg = Release|x64
		{C41E2F37-265F-4DF1-A885-70B6A659D0F8}.Release|x64.Build.0 = Release|x64
		{C41E2F37-265F-4DF1-A885-70B6A659D0F8}.Release|x86.ActiveCfg = Release|Win32
		{C41E2F37-265F-4DF1-A885-70B6A659D0F8}.Release|x86.Build.0 = Release|Win32
		{6CF96697-0109-4B5F-A2DC-DA1D2BEA428A}.Debug|x64.ActiveCfg = Debug|x64
		{6CF96697-0109-4B5F-A2DC-DA1D2BEA428A}.Debug|x64.Build.0 = Debug|x64
		{6CF96697-0109-4B5F-A2DC-DA1D2BEA428A}.Debug|x86.ActiveCfg = Debug|Win32
		{6CF96697-0109-4B5F-A2DC-DA1D2BEA428A}.Debug|x86.Build.0 = Debug|Win32
		{6CF96697-0109-4B5F-A2DC-DA1D2BEA428A}.Release|x64.ActiveCfg = Release|x64
		{6CF96697-0109-4B5F-A2DC-DA1D2BEA428A}.Release|x64.Build.0 = Release|x64
		{6CF96697-0109-4B5F-A2DC-DA1D2BEA428A}.Release|x86.ActiveCfg = Release|Win32
		{6CF96697-0109-4B5F-A2DC-DA1D2BEA428A}.Release|x86.Build.0 = Release|Win32
		{F9DF3A18-0B2F-49A0-A864-3A78E943C644}.Debug|x64.ActiveCfg = Debug|x64
		{F9DF3A18-0B2F-49A0-A864-3A78E943C644}.Debug|x64.Build.0 = Debug|x64
		{F9DF3A18-0B2F-49A0-A864-3A78E943C644}.Debug|x86.ActiveCfg = Debug|Win32
		{F9DF3A18-0B2F-49A0-A864-3A78E943C644}.Debug|x86.Build.0 = Debug|Win32
		{F9DF3A18-0B2F-49A0-A864-3A78E943C644}.Release|x64.ActiveCfg = Release|x64
		{F9DF3A18-0B2F-49A0-A864-3A78E943C644}.Release|x64.Build.0 = Release|x64
		{F9DF3A18-0B2F-49A0-A864-3A78E943C644}.Release|x86.ActiveCfg = Release|Win32
		{F9DF3A18-0B2F-49A0-A864-3A78E943C644}.Release|x86.Build.0 = Release|Win32
		{30FD294E-95C4-45E3-B872-721FBD432503}.Debug|x64.ActiveCfg = Debug|x64
		{30FD294E-95C4-45E3-B872-721FBD432503}.Debug|x64.Build.0 = Debug|x64
		{30FD294E-95C4-45E3-B872-721FBD432503}.Debug|x86.ActiveCfg = Debug|Win32
		{30FD294E-95C4-45E3-B872-721FBD432503}.Debug|x86.Build.0 = Debug|Win32
		{30FD294E-95C4-45E3-B872-721FBD432503}.Release|x64.ActiveCfg = Release|x64
		{30FD294E-95C4-45E3-B872-721FBD432503}.Release|x64.Build.0 = Release|x64
		{30FD294E-95C4-45E3-B872-721FBD432503}.Release|x86.ActiveCfg = Release|Win32
		{30FD294E-95C4-45E3-B872-721FBD432503}.Release|x86.Build.0 = Release|Win32
		{96582C65-92BB-44F4-B8F1-48548E699F92}.Debug|x64.ActiveCfg = Debug|x64
		{96582C65-92BB-44F4-B8F1-48548E699F92}.Debug|x64.Build.0 = Debug|x64
		{96582C65-92BB-44F4-B8F1-48548E699F92}.Debug|x86.ActiveCfg = Debug|Win32
		{96582C65-92BB-44F4-B8F1-48548E699F92}.Debug|x86.Build.0 = Debug|Win32
		{96582C65-92BB-44F4-B8F1-48548E699F92}.Release|x64.ActiveCfg = Release|x64
		{96582C65-92BB-44F4-B8F1-48548E699F92}.Release|x64.Build.0 = Release|x64
		{96582C65-92BB-44F4-B8F1-48548E699F92}.Release|x86.ActiveCfg = Release|Win32
		{96582C65-92BB-44F4-B8F1-48548E699F92}.Release|x86.Build.0 = Release|Win32
		{75D263C6-9DA3-48DA-9988-3399E4EB4186}.Debug|x64.ActiveCfg = Debug|x64
		{75D263C6-9DA3-48DA-9988-3399E4EB4186}.Debug|x64.Build.0 = Debug|x64
		{75D263C6-9DA3-48DA-9988-3399E4EB4186}.Debug|x86.ActiveCfg = Debug|Win32
		{75D263C6-9DA3-48DA-9988-3399E4EB4186}.Debug|x86.Build.0 = Debug|Win32
		{75D263C6-9DA3-48DA-9988-3399E4EB4186}.Release|x64.ActiveCfg = Release|x64
		{75D263C6-9DA3-48DA-9988-3399E4EB4186}.Release|x64.Build.0 = Release|x64
		{75D263C6-9DA3-48DA-9988-3399E4EB4186}.Release|x86.ActiveCfg = Release|Win32
		{75D263C6-9DA3-48DA-9988-3399E4EB4186}.Release|x86.Build.0 = Release|Win32
		{C86C7859-D9E3-4F48-B52D-F20726FF99A0}.Debug|x64.ActiveCfg = Debug|x64
		{C86C7859-D9E3-4F48-B52D-F20726FF99A0}.Debug|x64.Build.0 = Debug|x64
		{C86C7859-D9E3-4F48-B52D-F20726FF99A0}.Debug|x86.ActiveCfg = Debug|Win32
		{C86C7859-D9E3-4F48-B52D-F20726FF99A0}.Debug|x86.Build.0 = Debug|Win32
		{C86C7859-D9E3-4F48-B52D-F20726FF99A0}.Release|x64.ActiveCfg = Release|x64
		{C86C7859-D9E3-4F48-B52D-F20726FF99A0}.Release|x64.Build.0 = Release|x64
		{C86C7859-D9E3-4F48-B52D-F20726FF99A0}.Release|x86.ActiveCfg = Release|Win32
		{C86C7859-D9E3-4F48-B52D-F20726FF99A0}.Release|x86.Build.0 = Release|Win32
		{9442609B-19A1-49F7-83A5-4DE4C8BCABFB}.Debug|x64.ActiveCfg = Debug|x64
		{9442609B-19A1-49F7-83A5-4DE4C8BCABFB}.Debug|x64.Build.0 = Debug|x64
		{9442609B-19A1-49F7-83A5-4DE4C8BCABFB}.Debug|x86.ActiveCfg = Debug|Win32
		{9442609B-19A1-49F7-83A5-4DE4C8BCABFB}.Debug|x86.Build.0 = Debug|Win32
		{9442609B-19A1-49F7-83A5-4DE4C8BCABFB}.Release|x64.ActiveCfg = Release|x64
		{9442609B-19A1-49F7-83A5-4DE4C8BCABFB}.Release|x64.Build.0 = Release|x64
		{9442609B-19A1-49F7-83A5-4DE4C8BCABFB}.Release|x86.ActiveCfg = Release|Win32
		{9442609B-19A1-49F7-83A5-4DE4C8BCABFB}.Release|x86.Build.0 = Release|Win32
		{6BC6C044-BA37-4ADB-AB30-3D7AF7068418}.Debug|x64.ActiveCfg = Debug|x64
		{6BC6C044-BA37-4ADB-AB30-3D7AF7068418}.Debug|x64.Build.0 = Debug|x64
		{6BC6C044-BA37-4ADB-AB30-3D7AF7068418}.Debug|x86.ActiveCfg = Debug|Win32
		{6BC6C044-BA37-4ADB-AB30-3D7AF7068418}.Debug|x86.Build.0 = Debug|Win32
		{6BC6C044-BA37-4ADB-AB30-3D7AF7068418}.Release|x64.ActiveCfg = Release|x64
		{6BC6C044-BA37-4ADB-AB30-3D7AF7068418}.Release|x64.Build.0 = Release|x64
		{6BC6C044-BA37-4ADB-AB30-3D7AF7068418}.Release|x86.ActiveCfg = Release|Win32
		{6BC6C044-BA37-4ADB-AB30-3D7AF7068418}.Release|x86.Build.0 = Release|Win32
		{F461404C-7440-4671-AA20-650E7B64A714}.Debug|x64.ActiveCfg = Debug|x64
		{F461404C-7440-4671-AA20-650E7B64A714}.Debug|x64.Build.0 = Debug|x64
		{F461404C-7440-4671-AA20-650E7B64A714}.Debug|x86.ActiveCfg = Debug|Win32
		{F461404C-7440-4671-AA20-650E7B64A714}.Debug|x86.Build.0 = Debug|Win32
		{F461404C-7440-4671-AA20-650E7B64A714}.Release|x64.ActiveCfg = Release|x64
		{F461404C-7440-4671-AA20-650E7B64A714}.Release|x64.Build.0 = Release|x64
		{F461404C-7440-4671-AA20-650E7B64A714}.Release|x86.ActiveCfg = Release|Win32
		{F461404C-7440-4671-AA20-650E7B64A714}.Release|x86.Build.0 = Release|Win32
		{6E82F617-3048-48A5-96C3-2A78CACDC484}.Debug|x64.ActiveCfg = Debug|x64
		{6E82F617-3048-48A5-96C3-2A78CACDC484}.Debug|x64.Build.0 = Debug|x64
		{6E82F617-3048-48A5-96C3-2A78CACDC484}.Debug|x86.ActiveCfg = Debug|Win32
		{6E82F617-3048-48A5-96C3-2A78CACDC484}.Debug|x86.Build.0 = Debug|Win32
		{6E82F617-3048-48A5-96C3-2A78CACDC484}.Release|x64.ActiveCfg = Release|x64
		{6E82F617-3048-48A5-96C3-2A78CACDC484}.Release|x64.Build.0 = Release|x64
		{6E82F617-3048-48A5-96C3-2A78CACDC484}.Release|x86.ActiveCfg = Release|Win32
		{6E82F617-3048-48A5-96C3-2A78CACDC484}.Release|x86.Build.0 = Release|Win32
		{C8172C29-754D-42CC-AE42-28166BF329BC}.Debug|x64.ActiveCfg = Debug|x64
		{C8172C29-754D-42CC-AE42-28166BF329BC}.Debug|x64.Build.0 = Debug|x64
		{C8172C29-754D-42CC-AE42-28166BF329BC}.Debug|x86.ActiveCfg = Debug|Win32
		{C8172C29-754D-42CC-AE42-28166BF329BC}.Debug|x86.Build.0 = Debug|Win32
		{C8172C29-754D-42CC-AE42-28166BF329BC}.Release|x64.ActiveCfg = Release|x64
		{C8172C29-754D-42CC-AE42-28166BF329BC}.Release|x64.Build.0 = Release|x64
		{C8172C29-754D-42CC-AE42-28166BF329BC}.Release|x86.ActiveCfg = Release|Win32
		{C8172C29-754D-42CC-AE42-28166BF329BC}.Release|x86.Build.0 = Release|Win32
		{0CB3E781-2D41-4A6C-9E53-9340EF52C006}.Debug|x64.ActiveCfg = Debug|x64
		{0CB3E781-2D41-4A6C-9E53-9340EF52C006}.Debug|x64.Build.0 = Debug|x64
		{0CB3E781-2D41-4A6C-9E53-9340EF52C006}.Debug|x86.ActiveCfg = Debug|Win32
		{0CB3E781-2D41-4A6C-9E53-9340EF52C006}.Debug|x86.Build.0 = Debug|Win32
		{0CB3E781-2D41-4A6C-9E53-9340EF52C006}.Release|x64.ActiveCfg = Release|x64
		{0CB3E781-2D41-4A6C-9E53-9340EF52C006}.Release|x64.Build.0 = Release|x64
		{0CB3E781-2D41-4A6C-9E53-9340EF52C006}.Release|x86.ActiveCfg = Release|Win32
		{0CB3E781-2D41-4A6C-9E53-9340EF52C006}.Release|x86.Build.0 = Release|Win32
		{7EB38449-3A33-4BDF-ABB5-D77460FC5931}.Debug|x64.ActiveCfg = Debug|x64
		{7EB38449-3A33-4BDF-ABB5-D77460FC5931}.Debug|x64.Build.0 = Debug|x64
		{7EB38449-3A33-4BDF-ABB5-D77460FC5931}.Debug|x86.ActiveCfg = Debug|Win32
		{7EB38449-3A33-4BDF-ABB5-D77460FC5931}.Debug|x86.Build.0 = Debug|Win32
		{7EB38449-3A33-4BDF-ABB5-D77460FC5931}.Release|x64.ActiveCfg = Release|x64
		{7EB38449-3A33-4BDF-ABB5-D77460FC5931}.Release|x64.Build.0 = Release|x64
		{7EB38449-3A33-4BDF-ABB5-D77460FC5931}.Release|x86.ActiveCfg = Release|Win32
		{7EB38449-3A33-4BDF-ABB5-D77460FC5931}.Release|x86.Build.0 = Release|Win32
		{D45838F4-F77D-45A4-AB5B-4E5555664DA7}.Debug|x64.ActiveCfg = Debug|x64
		{D45838F4-F77D-45A4-AB5B-4E5555664DA7}.Debug|x64.Build.0 = Debug|x64
		{D45838F4-F77D-45A4-AB5B-4E5555664DA7}.Debug|x86.ActiveCfg = Debug|Win32
		{D45838F4-F77D-45A4-AB5B-4E5555664DA7}.Debug|x86.Build.0 = Debug|Win32
		{D45838F4-F77D-45A4-AB5B-4E5555664DA7}.Release|x64.ActiveCfg = Release|x64
		{D45838F4-F77D-45A4-AB5B-4E5555664DA7}.Release|x64.Build.0 = Release|x64
		{D45838F4-F77D-45A4-AB5B-4E5555664DA7}.Release|x86.ActiveCfg = Release|Win32
		{D45838F4-F77D-45A4-AB5B-4E5555664DA7}.Release|x86.Build.0 = Release|Win32
		{89E709FE-95F8-4E37-83F2-D5B70B6F0581}.Debug|x64.ActiveCfg = Debug|x64
		{89E709FE-95F8-4E37-83F2-D5B70B6F0581}.Debug|x64.Build.0 = Debug|x64
		{89E709FE-95F8-4E37-83F2-D5B70B6F0581}.Debug|x86.ActiveCfg = Debug|Win32
		{89E709FE-95F8-4E37-83F2-D5B70B6F0581}.Debug|x86.Build.0 = Debug|Win32
		{89E709FE-95F8-4E37-83F2-D5B70B6F0581}.Release|x64.ActiveCfg = Release|x64
		{89E709FE-95F8-4E37-83F2-D5B70B6F0581}.Release|x64.Build.0 = Release|x64
		{89E709FE-95F8-4E37-83F2-D5B70B6F0581}.Release|x86.ActiveCfg = Release|Win32
		{89E709FE-95F8-4E37-83F2-D5B70B6F0581}.Release|x86.Build.0 = Release|Win32
		{EE977BED-C1DF-4BCD-AA83-C539F5D6B36E}.Debug|x64.ActiveCfg = Debug|x64
		{EE977BED-C1DF-4BCD-AA83-C539F5D6B36E}.Debug|x64.Build.0 = Debug|x64
		{EE977BED-C1DF-4BCD-AA83-C539F5D6B36E}.Debug|x86.ActiveCfg = Debug|Win32
		{EE977BED-C1DF-4BCD-AA83-C539F5D6B36E}.Debug|x86.Build.0 = Debug|Win32
		{EE977BED-C1DF-4BCD-AA83-C539F5D6B36E}.Release|x64.ActiveCfg = Release|x64
		{EE977BED-C1DF-4BCD-AA83-C539F5D6B36E}.Release|x64.Build.0 = Release|x64
		{EE977BED-C1DF-4BCD-AA83-C539F5D6B36E}.Release|x86.ActiveCfg = Release|Win32
		{EE977BED-C1DF-4BCD-AA83-C539F5D6B36E}.Release|x86.Build.0 = Release|Win32
		{5B14A601-BB6F-4486-914D-A4F4BD127C29}.Debug|x64.ActiveCfg = Debug|x64
		{5B14A601-BB6F-4486-914D-A4F4BD127C29}.Debug|x64.Build.0 = Debug|x64
		{5B14A601-BB6F-4486-914D-A4F4BD127C29}.Debug|x86.ActiveCfg = Debug|Win32
		{5B14A601-BB6F-4486-914D-A4F4BD127C29}.Debug|x86.Build.0 = Debug|Win32
		{5B14A601-BB6F-4486-914D-A4F4BD127C29}.Release|x64.ActiveCfg = Release|x64
		{5B14A601-BB6F-4486-914D-A4F4BD127C29}.Release|x64.Build.0 = Release|x64
		{5B14A601-BB6F-4486-914D-A4F4BD127C29}.Release|x86.ActiveCfg = Release|Win32
		{5B14A601-BB6F-4486-914D-A4F4BD127C29}.Release|x86.Build.0 = Release|Win32
		{DC3FC8B9-A97C-40DA-878D-BE2C4181BBEE}.Debug|x64.ActiveCfg = Debug|x64
		{DC3FC8B9-A97C-40DA-878D-BE2C4181BBEE}.Debug|x64.Build.0 = Debug|x64
		{DC3FC8B9-A97C-40DA-878D-BE2C4181BBEE}.Debug|x86.ActiveCfg = Debug|Win32
		{DC3FC8B9-A97C-40DA-878D-BE2C4181BBEE}.Debug|x86.Build.0 = Debug|Win32
		{DC3FC8B9-A97C-40DA-878D-BE2C4181BBEE}.Release|x64.ActiveCfg = Release|x64
		{DC3FC8B9-A97C-40DA-878D-BE2C4181BBEE}.Release|x64.Build.0 = Release|x64
		{DC3FC8B9-A97C-40DA-878D-BE2C4181BBEE}.Release|x86.ActiveCfg = Release|Win32
		{DC3FC8B9-A97C-40DA-878D-BE2C4181BBEE}.Release|x86.Build.0 = Release|Win32
		{290926A7-C438-4EBF-892A-A16C65992400}.Debug|x64.ActiveCfg = Debug|x64
		{290926A7-C438-4EBF-892A-A16C65992400}.Debug|x64.Build.0 = Debug|x64
		{290926A7-C438-4EBF-892A-A16C65992400}.Debug|x86.ActiveCfg = Debug|Win32
		{290926A7-C438-4EBF-892A-A16C65992400}.Debug|x86.Build.0 = Debug|Win32
		{290926A7-C438-4EBF-892A-A16C65992400}.Release|x64.ActiveCfg = Release|x64
		{290926A7-C438-4EBF-892A-A16C65992400}.Release|x64.Build.0 = Release|x64
		{290926A7-C438-4EBF-892A-A16C65992400}.Release|x86.ActiveCfg = Release|Win32
		{290926A7-C438-4EBF-892A-A16C65992400}.Release|x86.Build.0 = Release|Win32
		{5F3DDCF7-6D69-4204-985A-4C1338FE82A0}.Debug|x64.ActiveCfg = Debug|x64
		{5F3DDCF7-6D69-4204-985A-4C1338FE82A0}.Debug|x64.Build.0 = Debug|x64
		{5F3DDCF7-6D69-4204-985A-4C1338FE82A0}.Debug|x86.ActiveCfg = Debug|Win32
		{5F3DDCF7-6D69-4204-985A-4C1338FE82A0}.Debug|x86.Build.0 = Debug|Win32
		{5F3DDCF7-6D69-4204-985A-4C1338FE82A0}.Release|x64.ActiveCfg = Release|x64
		{5F3DDCF7-6D69-4204-985A-4C1338FE82A0}.Release|x64.Build.0 = Release|x64
		{5F3DDCF7-6D69-4204-985A-4C1338FE82A0}.Release|x86.ActiveCfg = Release|Win32
		{5F3DDCF7-6D69-4204-985A-4C1338FE82A0}.Release|x86.Build.0 = Release|Win32
		{4A080D7A-C95C-4C11-8C4C-C2FB4CBFDBA9}.Debug|x64.ActiveCfg = Debug|x64
		{4A080D7A-C95C-4C11-8C4C-C2FB4CBFDBA9}.Debug|x64.Build.0 = Debug|x64
		{4A080D7A-C95C-4C11-8C4C-C2FB4CBFDBA9}.Debug|x86.ActiveCfg = Debug|Win32
		{4A080D7A-C95C-4C11-8C4C-C2FB4CBFDBA9}.Debug|x86.Build.0 = Debug|Win32
		{4A080D7A-C95C-4C11-8C4C-C2FB4CBFDBA9}.Release|x64.ActiveCfg = Release|x64
		{4A080D7A-C95C-4C11-8C4C-C2FB4CBFDBA9}.Release|x64.Build.0 = Release|x64
		{4A080D7A-C95C-4C11-8C4C-C2FB4CBFDBA9}.Release|x86.ActiveCfg = Release|Win32
		{4A080D7A-C95C-4C11-8C4C-C2FB4CBFDBA9}.Release|x86.Build.0 = Release|Win32
		{F0D6B12A-0B90-49DC-BFA4-995D0F642B3F}.Debug|x64.ActiveCfg = Debug|x64
		{F0D6B12A-0B90-49DC-BFA4-995D0F642B3F}.Debug|x64.Build.0 = Debug|x64
		{F0D6B12A-0B90-49DC-BFA4-995D0F642B3F}.Debug|x86.ActiveCfg = Debug|Win32
		{F0D6B12A-0B90-49DC-BFA4-995D0F642B3F}.Debug|x86.Build.0 = Debug|Win32
		{F0D6B12A-0B90-49DC-BFA4-995D0F642B3F}.Release|x64.ActiveCfg = Release|x64
		{F0D6B12A-0B90-49DC-BFA4-995D0F642B3F}.Release|x64.Build.0 = Release|x64
		{F0D6B12A-0B90-49DC-BFA4-995D0F642B3F}.Release|x86.ActiveCfg = Release|Win32
		{F0D6B12A-0B90-49DC-BFA4-995D0F642B3F}.Release|x86.Build.0 = Release|Win32
		{7D8C7CF0-CD5D-4AD2-8F00-04CC735F2067}.Debug|x64.ActiveCfg = Debug|x64
		{7D8C7CF0-CD5D-4AD2-8F00-04CC735F2067}.Debug|x64.Build.0 = Debug|x64
		{7D8C7CF0-CD5D-4AD2-8F00-04CC735F2067}.Debug|x86.ActiveCfg = Debug|Win32
		{7D8C7CF0-CD5D-4AD2-8F00-04CC735F2067}.Debug|x86.Build.0 = Debug|Win32
		{7D8C7CF0-CD5D-4AD2-8F00-04CC735F2067}.Release|x64.ActiveCfg = Release|x64
		{7D8C7CF0-CD5D-4AD2-8F00-04CC735F2067}.Release|x64.Build.0 = Release|x64
		{7D8C7CF0-CD5D-4AD2-8F00-04CC735F2067}.Release|x86.ActiveCfg = Release|Win32
		{7D8C7CF0-CD5D-4AD2-8F00-04CC735F2067}.Release|x86.Build.0 = Release|Win32
		{05A362C1-5FDE-4776-84DA-50C67ACA435D}.Debug|x64.ActiveCfg = Debug|x64
		{05A362C1-5FDE-4776-84DA-50C67ACA435D}.Debug|x64.Build.0 = Debug|x64
		{05A362C1-5FDE-4776-84DA-50C67ACA435D}.Debug|x86.ActiveCfg = Debug|Win32
		{05A362C1-5FDE-4776-84DA-50C67ACA435D}.Debug|x86.Build.0 = Debug|Win32
		{05A362C1-5FDE-4776-84DA-50C67ACA435D}.Release|x64.ActiveCfg = Release|x64
		{05A362C1-5FDE-4776-84DA-50C67ACA435D}.Release|x64.Build.0 = Release|x64
		{05A362C1-5FDE-4776-84DA-50C67ACA435D}.Release|x86.ActiveCfg = Release|Win32
		{05A362C1-5FDE-4776-84DA-50C67ACA435D}.Release|x86.Build.0 = Release|Win32
		{E9065143-9345-4080-A061-47C3459480B6}.Debug|x64.ActiveCfg = Debug|x64
		{E9065143-9345-4080-A061-47C3459480B6}.Debug|x64.Build.0 = Debug|x64
		{E9065143-9345-4080-A061-47C3459480B6}.Debug|x86.ActiveCfg = Debug|Win32
		{E9065143-9345-4080-A061-47C3459480B6}.Debug|x86.Build.0 = Debug|Win32
		{E9065143-9345-4080-A061-47C3459480B6}.Release|x64.ActiveCfg = Release|x64
		{E9065143-9345-4080-A061-47C3459480B6}.Release|x64.Build.0 = Release|x64
		{E9065143-9345-4080-A061-47C3459480B6}.Release|x86.ActiveCfg = Release|Win32
		{E9065143-9345-4080-A061-47C3459480B6}.Release|x86.Build.0 = Release|Win32
		{42D76327-79CE-4FD3-BB32-79F979F8BEE0}.Debug|x64.ActiveCfg = Debug|x64
		{42D76327-79CE-4FD3-BB32-79F979F8BEE0}.Debug|x64.Build.0 = Debug|x64
		{42D76327-79CE-4FD3-BB32-79F979F8BEE0}.Debug|x86.ActiveCfg = Debug|Win32
		{42D76327-79CE-4FD3-BB32-79F979F8BEE0}.Debug|x86.Build.0 = Debug|Win32
		{42D76327-79CE-4FD3-BB32-79F979F8BEE0}.Release|x64.ActiveCfg = Release|x64
		{42D76327-79CE-4FD3-BB32-79F979F8BEE0}.Release|x64.Build.0 = Release|x64
		{42D76327-79CE-4FD3-BB32-79F979F8BEE0}.Release|x86.ActiveCfg = Release|Win32
		{42D76327-79CE-4FD3-BB32-79F979F8BEE0}.Release|x86.Build.0 = Release|Win32
		{D1BDE8F1-A580-46CC-888B-0AC31BDACFBB}.Debug|x64.ActiveCfg = Debug|x64
		{D1BDE8F1-A580-46CC-888B-0AC31BDACFBB}.Debug|x64.Build.0 = Debug|x64
		{D1BDE8F1-A580-46CC-888B-0AC31BDACFBB}.Debug|x86.ActiveCfg = Debug|Win32
		{D1BDE8F1-A580-46CC-888B-0AC31BDACFBB}.Debug|x86.Build.0 = Debug|Win32
		{D1BDE8F1-A580-46CC-888B-0AC31BDACFBB}.Release|x64.ActiveCfg = Release|x64
		{D1BDE8F1-A580-46CC-888B-0AC31BDACFBB}.Release|x64.Build.0 = Release|x64
		{D1BDE8F1-A580-46CC-888B-0AC31BDACFBB}.Release|x86.ActiveCfg = Release|Win32
		{D1BDE8F1-A580-46CC-888B-0AC31BDACFBB}.Release|x86.Build.0 = Release|Win32
		{0BB22192-D0BB-479E-96D9-8B9953484C07}.Debug|x64.ActiveCfg = Debug|x64
		{0BB22192-D0BB-479E-96D9-8B9953484C07}.Debug|x64.Build.0 = Debug|x64
		{0BB22192-D0BB-479E-96D9-8B9953484C07}.Debug|x86.ActiveCfg = Debug|Win32
		{0BB22192-D0BB-479E-96D9-8B9953484C07}.Debug|x86.Build.0 = Debug|Win32
		{0BB22192-D0BB-479E-96D9-8B9953484C07}.Release|x64.ActiveCfg = Release|x64
		{0BB22192-D0BB-479E-96D9-8B9953484C07}.Release|x64.Build.0 = Release|x64
		{0BB22192-D0BB-479E-96D9-8B9953484C07}.Release|x86.ActiveCfg = Release|Win32
		{0BB22192-D0BB-479E-96D9-8B9953484C07}.Release|x86.Build.0 = Release|Win32
		{8EAA9433-377F-4DFD-8379-799A3D2DBFEA}.Debug|x64.ActiveCfg = Debug|x64
		{8EAA9433-377F-4DFD-8379-799A3D2DBFEA}.Debug|x64.Build.0 = Debug|x64
		{8EAA9433-377F-4DFD-8379-799A3D2DBFEA}.Debug|x86.ActiveCfg = Debug|Win32
		{8EAA9433-377F-4DFD-8379-799A3D2DBFEA}.Debug|x86.Build.0 = Debug|Win32
		{8EAA9433-377F-4DFD-8379-799A3D2DBFEA}.Release|x64.ActiveCfg = Release|x64
		{8EAA9433-377F-4DFD-8379-799A3D2DBFEA}.Release|x64.Build.0 = Release|x64
		{8EAA9433-377F-4DFD-8379-799A3D2DBFEA}.Release|x86.ActiveCfg = Release|Win32
		{8EAA9433-377F-4DFD-8379-799A3D2DBFEA}.Release|x86.Build.0 = Release|Win32
		{37B79151-10BA-4E33-877B-50B0D6EEE19B}.Debug|x64.ActiveCfg = Debug|x64
		{37B79151-10BA-4E33-877B-50B0D6EEE19B}.Debug|x64.Build.0 = Debug|x64
		{37B79151-10BA-4E33-877B-50B0D6EEE19B}.Debug|x86.ActiveCfg = Debug|Win32
		{37B79151-10BA-4E33-877B-50B0D6EEE19B}.Debug|x86.Build.0 = Debug|Win32
		{37B79151-10BA-4E33-877B-50B0D6EEE19B}.Release|x64.ActiveCfg = Release|x64
		{37B79151-10BA-4E33-877B-50B0D6EEE19B}.Release|x64.Build.0 = Release|x64
		{37B79151-10BA-4E33-877B-50B0D6EEE19B}.Release|x86.ActiveCfg = Release|Win32
		{37B79151-10BA-4E33-877B-50B0D6EEE19B}.Release|x86.Build.0 = Release|Win32
	EndGlobalSection
	GlobalSection(SolutionProperties) = preSolution
		HideSolutionNode = FALSE
	EndGlobalSection
	GlobalSection(ExtensibilityGlobals) = postSolution
		SolutionGuid = {BF89FC8A-AFC2-4B95-81B3-EC3A933D6035}
	EndGlobalSection
EndGlobal
